{
  "name": "Nova pasta",
  "lockfileVersion": 3,
  "requires": true,
  "packages": {
    "": {
      "dependencies": {
        "lunarphase-js": "^2.0.1"
      }
    },
    "node_modules/lunarphase-js": {
      "version": "2.0.1",
      "resolved": "https://registry.npmjs.org/lunarphase-js/-/lunarphase-js-2.0.1.tgz",
      "integrity": "sha512-QcCF6UxtifeSCDjbMT7FsczG4lHnWp1WRUpBy3IS5cG8pxtypk0VW/gw7xz+2vWYoaiVrt4NADZ+NR+ly4GvPg=="
    }
  }
}
